// !$*UTF8*$!
{
	archiveVersion = 1;
	classes = {
	};
	objectVersion = 50;
	objects = {

/* Begin PBXBuildFile section */
		5E20BF972713C9D0006A39F7 /* AppleScriptObjC.framework in Frameworks */ = {isa = PBXBuildFile; fileRef = 5E20BF962713C9CF006A39F7 /* AppleScriptObjC.framework */; };
		5E20BF9A2713C9D0006A39F7 /* AppDelegate.applescript in Sources */ = {isa = PBXBuildFile; fileRef = 5E20BF992713C9D0006A39F7 /* AppDelegate.applescript */; };
		5E20BF9C2713C9E8006A39F7 /* Assets.xcassets in Resources */ = {isa = PBXBuildFile; fileRef = 5E20BF9B2713C9E8006A39F7 /* Assets.xcassets */; };
		5E20BFA22713C9E8006A39F7 /* main.m in Sources */ = {isa = PBXBuildFile; fileRef = 5E20BFA12713C9E8006A39F7 /* main.m */; };
		5E20BFC82713CAE2006A39F7 /* Main.storyboard in Resources */ = {isa = PBXBuildFile; fileRef = 5E20BFC62713CAE2006A39F7 /* Main.storyboard */; };
		5E20BFD32713CDE0006A39F7 /* MainViewController.applescript in Sources */ = {isa = PBXBuildFile; fileRef = 5E20BFD22713CDE0006A39F7 /* MainViewController.applescript */; };
		5E20C0352713E337006A39F7 /* SheetWrapper.framework in Frameworks */ = {isa = PBXBuildFile; fileRef = 5E20C0342713E31F006A39F7 /* SheetWrapper.framework */; };
		5E20C0362713E337006A39F7 /* SheetWrapper.framework in Embed Frameworks */ = {isa = PBXBuildFile; fileRef = 5E20C0342713E31F006A39F7 /* SheetWrapper.framework */; settings = {ATTRIBUTES = (CodeSignOnCopy, RemoveHeadersOnCopy, ); }; };
		5E3F5826271507D400271BD9 /* README.md in Resources */ = {isa = PBXBuildFile; fileRef = 5E3F5825271507D400271BD9 /* README.md */; };
/* End PBXBuildFile section */

/* Begin PBXContainerItemProxy section */
		5E20C0332713E31F006A39F7 /* PBXContainerItemProxy */ = {
			isa = PBXContainerItemProxy;
			containerPortal = 5E20C02F2713E31F006A39F7 /* SheetWrapper.xcodeproj */;
			proxyType = 2;
			remoteGlobalIDString = 5E20C0202713E2C4006A39F7;
			remoteInfo = SheetWrapper;
		};
/* End PBXContainerItemProxy section */

/* Begin PBXCopyFilesBuildPhase section */
		5E20BFD12713CBEC006A39F7 /* Embed Frameworks */ = {
			isa = PBXCopyFilesBuildPhase;
			buildActionMask = 2147483647;
			dstPath = "";
			dstSubfolderSpec = 10;
			files = (
				5E20C0362713E337006A39F7 /* SheetWrapper.framework in Embed Frameworks */,
			);
			name = "Embed Frameworks";
			runOnlyForDeploymentPostprocessing = 0;
		};
/* End PBXCopyFilesBuildPhase section */

/* Begin PBXFileReference section */
		5E20BF932713C9CF006A39F7 /* ASOC_Sheet_test.app */ = {isa = PBXFileReference; explicitFileType = wrapper.application; includeInIndex = 0; path = ASOC_Sheet_test.app; sourceTree = BUILT_PRODUCTS_DIR; };
		5E20BF962713C9CF006A39F7 /* AppleScriptObjC.framework */ = {isa = PBXFileReference; lastKnownFileType = wrapper.framework; name = AppleScriptObjC.framework; path = System/Library/Frameworks/AppleScriptObjC.framework; sourceTree = SDKROOT; };
		5E20BF992713C9D0006A39F7 /* AppDelegate.applescript */ = {isa = PBXFileReference; lastKnownFileType = sourcecode.applescript; path = AppDelegate.applescript; sourceTree = "<group>"; };
		5E20BF9B2713C9E8006A39F7 /* Assets.xcassets */ = {isa = PBXFileReference; lastKnownFileType = folder.assetcatalog; path = Assets.xcassets; sourceTree = "<group>"; };
		5E20BFA02713C9E8006A39F7 /* Info.plist */ = {isa = PBXFileReference; lastKnownFileType = text.plist.xml; path = Info.plist; sourceTree = "<group>"; };
		5E20BFA12713C9E8006A39F7 /* main.m */ = {isa = PBXFileReference; lastKnownFileType = sourcecode.c.objc; path = main.m; sourceTree = "<group>"; };
		5E20BFC72713CAE2006A39F7 /* Base */ = {isa = PBXFileReference; lastKnownFileType = file.storyboard; name = Base; path = Base.lproj/Main.storyboard; sourceTree = "<group>"; };
		5E20BFD22713CDE0006A39F7 /* MainViewController.applescript */ = {isa = PBXFileReference; fileEncoding = 4; lastKnownFileType = sourcecode.applescript; path = MainViewController.applescript; sourceTree = "<group>"; };
		5E20C02F2713E31F006A39F7 /* SheetWrapper.xcodeproj */ = {isa = PBXFileReference; lastKnownFileType = "wrapper.pb-project"; name = SheetWrapper.xcodeproj; path = SheetWrapper/SheetWrapper.xcodeproj; sourceTree = "<group>"; };
		5E3F5825271507D400271BD9 /* README.md */ = {isa = PBXFileReference; lastKnownFileType = net.daringfireball.markdown; path = README.md; sourceTree = "<group>"; };
/* End PBXFileReference section */

/* Begin PBXFrameworksBuildPhase section */
		5E20BF902713C9CF006A39F7 /* Frameworks */ = {
			isa = PBXFrameworksBuildPhase;
			buildActionMask = 2147483647;
			files = (
				5E20C0352713E337006A39F7 /* SheetWrapper.framework in Frameworks */,
				5E20BF972713C9D0006A39F7 /* AppleScriptObjC.framework in Frameworks */,
			);
			runOnlyForDeploymentPostprocessing = 0;
		};
/* End PBXFrameworksBuildPhase section */

/* Begin PBXGroup section */
		5E20BF8A2713C9CF006A39F7 = {
			isa = PBXGroup;
			children = (
				5E3F5825271507D400271BD9 /* README.md */,
				5E20BF982713C9D0006A39F7 /* ASOC_Sheet_test */,
				5E20BF952713C9CF006A39F7 /* Frameworks */,
				5E20BF942713C9CF006A39F7 /* Products */,
				5E20C02F2713E31F006A39F7 /* SheetWrapper.xcodeproj */,
			);
			sourceTree = "<group>";
		};
		5E20BF942713C9CF006A39F7 /* Products */ = {
			isa = PBXGroup;
			children = (
				5E20BF932713C9CF006A39F7 /* ASOC_Sheet_test.app */,
			);
			name = Products;
			sourceTree = "<group>";
		};
		5E20BF952713C9CF006A39F7 /* Frameworks */ = {
			isa = PBXGroup;
			children = (
				5E20BF962713C9CF006A39F7 /* AppleScriptObjC.framework */,
			);
			name = Frameworks;
			sourceTree = "<group>";
		};
		5E20BF982713C9D0006A39F7 /* ASOC_Sheet_test */ = {
			isa = PBXGroup;
			children = (
				5E20BFD22713CDE0006A39F7 /* MainViewController.applescript */,
				5E20BF992713C9D0006A39F7 /* AppDelegate.applescript */,
				5E20BF9B2713C9E8006A39F7 /* Assets.xcassets */,
				5E20BFA02713C9E8006A39F7 /* Info.plist */,
				5E20BFA12713C9E8006A39F7 /* main.m */,
				5E20BFC62713CAE2006A39F7 /* Main.storyboard */,
			);
			path = ASOC_Sheet_test;
			sourceTree = "<group>";
		};
		5E20C0302713E31F006A39F7 /* Products */ = {
			isa = PBXGroup;
			children = (
				5E20C0342713E31F006A39F7 /* SheetWrapper.framework */,
			);
			name = Products;
			sourceTree = "<group>";
		};
/* End PBXGroup section */

/* Begin PBXNativeTarget section */
		5E20BF922713C9CF006A39F7 /* ASOC_Sheet_test */ = {
			isa = PBXNativeTarget;
			buildConfigurationList = 5E20BFA52713C9E8006A39F7 /* Build configuration list for PBXNativeTarget "ASOC_Sheet_test" */;
			buildPhases = (
				5E20BF8F2713C9CF006A39F7 /* Sources */,
				5E20BF902713C9CF006A39F7 /* Frameworks */,
				5E20BF912713C9CF006A39F7 /* Resources */,
				5E20BFD12713CBEC006A39F7 /* Embed Frameworks */,
			);
			buildRules = (
			);
			dependencies = (
			);
			name = ASOC_Sheet_test;
			productName = ASOC_Sheet_test;
			productReference = 5E20BF932713C9CF006A39F7 /* ASOC_Sheet_test.app */;
			productType = "com.apple.product-type.application";
		};
/* End PBXNativeTarget section */

/* Begin PBXProject section */
		5E20BF8B2713C9CF006A39F7 /* Project object */ = {
			isa = PBXProject;
			attributes = {
				LastUpgradeCheck = 1130;
				ORGANIZATIONNAME = zzz;
				TargetAttributes = {
					5E20BF922713C9CF006A39F7 = {
						CreatedOnToolsVersion = 11.3.1;
					};
				};
			};
			buildConfigurationList = 5E20BF8E2713C9CF006A39F7 /* Build configuration list for PBXProject "ASOC_Sheet_test" */;
			compatibilityVersion = "Xcode 9.3";
			developmentRegion = en;
			hasScannedForEncodings = 0;
			knownRegions = (
				en,
				Base,
			);
			mainGroup = 5E20BF8A2713C9CF006A39F7;
			productRefGroup = 5E20BF942713C9CF006A39F7 /* Products */;
			projectDirPath = "";
			projectReferences = (
				{
					ProductGroup = 5E20C0302713E31F006A39F7 /* Products */;
					ProjectRef = 5E20C02F2713E31F006A39F7 /* SheetWrapper.xcodeproj */;
				},
			);
			projectRoot = "";
			targets = (
				5E20BF922713C9CF006A39F7 /* ASOC_Sheet_test */,
			);
		};
/* End PBXProject section */

/* Begin PBXReferenceProxy section */
		5E20C0342713E31F006A39F7 /* SheetWrapper.framework */ = {
			isa = PBXReferenceProxy;
			fileType = wrapper.framework;
			path = SheetWrapper.framework;
			remoteRef = 5E20C0332713E31F006A39F7 /* PBXContainerItemProxy */;
			sourceTree = BUILT_PRODUCTS_DIR;
		};
/* End PBXReferenceProxy section */

/* Begin PBXResourcesBuildPhase section */
		5E20BF912713C9CF006A39F7 /* Resources */ = {
			isa = PBXResourcesBuildPhase;
			buildActionMask = 2147483647;
			files = (
				5E3F5826271507D400271BD9 /* README.md in Resources */,
				5E20BF9C2713C9E8006A39F7 /* Assets.xcassets in Resources */,
				5E20BFC82713CAE2006A39F7 /* Main.storyboard in Resources */,
			);
			runOnlyForDeploymentPostprocessing = 0;
		};
/* End PBXResourcesBuildPhase section */

/* Begin PBXSourcesBuildPhase section */
		5E20BF8F2713C9CF006A39F7 /* Sources */ = {
			isa = PBXSourcesBuildPhase;
			buildActionMask = 2147483647;
			files = (
				5E20BFA22713C9E8006A39F7 /* main.m in Sources */,
				5E20BF9A2713C9D0006A39F7 /* AppDelegate.applescript in Sources */,
				5E20BFD32713CDE0006A39F7 /* MainViewController.applescript in Sources */,
			);
			runOnlyForDeploymentPostprocessing = 0;
		};
/* End PBXSourcesBuildPhase section */

/* Begin PBXVariantGroup section */
		5E20BFC62713CAE2006A39F7 /* Main.storyboard */ = {
			isa = PBXVariantGroup;
			children = (
				5E20BFC72713CAE2006A39F7 /* Base */,
			);
			name = Main.storyboard;
			sourceTree = "<group>";
		};
/* End PBXVariantGroup section */

/* Begin XCBuildConfiguration section */
		5E20BFA32713C9E8006A39F7 /* Debug */ = {
			isa = XCBuildConfiguration;
			buildSettings = {
				ALWAYS_SEARCH_USER_PATHS = NO;
				CLANG_ANALYZER_NONNULL = YES;
				CLANG_ANALYZER_NUMBER_OBJECT_CONVERSION = YES_AGGRESSIVE;
				CLANG_CXX_LANGUAGE_STANDARD = "gnu++14";
				CLANG_CXX_LIBRARY = "libc++";
				CLANG_ENABLE_MODULES = YES;
				CLANG_ENABLE_OBJC_ARC = YES;
				CLANG_ENABLE_OBJC_WEAK = YES;
				CLANG_WARN_BLOCK_CAPTURE_AUTORELEASING = YES;
				CLANG_WARN_BOOL_CONVERSION = YES;
				CLANG_WARN_COMMA = YES;
				CLANG_WARN_CONSTANT_CONVERSION = YES;
				CLANG_WARN_DEPRECATED_OBJC_IMPLEMENTATIONS = YES;
				CLANG_WARN_DIRECT_OBJC_ISA_USAGE = YES_ERROR;
				CLANG_WARN_DOCUMENTATION_COMMENTS = YES;
				CLANG_WARN_EMPTY_BODY = YES;
				CLANG_WARN_ENUM_CONVERSION = YES;
				CLANG_WARN_INFINITE_RECURSION = YES;
				CLANG_WARN_INT_CONVERSION = YES;
				CLANG_WARN_NON_LITERAL_NULL_CONVERSION = YES;
				CLANG_WARN_OBJC_IMPLICIT_RETAIN_SELF = YES;
				CLANG_WARN_OBJC_LITERAL_CONVERSION = YES;
				CLANG_WARN_OBJC_ROOT_CLASS = YES_ERROR;
				CLANG_WARN_RANGE_LOOP_ANALYSIS = YES;
				CLANG_WARN_STRICT_PROTOTYPES = YES;
				CLANG_WARN_SUSPICIOUS_MOVE = YES;
				CLANG_WARN_UNGUARDED_AVAILABILITY = YES_AGGRESSIVE;
				CLANG_WARN_UNREACHABLE_CODE = YES;
				CLANG_WARN__DUPLICATE_METHOD_MATCH = YES;
				COPY_PHASE_STRIP = NO;
				DEBUG_INFORMATION_FORMAT = dwarf;
				ENABLE_STRICT_OBJC_MSGSEND = YES;
				ENABLE_TESTABILITY = YES;
				GCC_C_LANGUAGE_STANDARD = gnu11;
				GCC_DYNAMIC_NO_PIC = NO;
				GCC_NO_COMMON_BLOCKS = YES;
				GCC_OPTIMIZATION_LEVEL = 0;
				GCC_PREPROCESSOR_DEFINITIONS = (
					"DEBUG=1",
					"$(inherited)",
				);
				GCC_WARN_64_TO_32_BIT_CONVERSION = YES;
				GCC_WARN_ABOUT_RETURN_TYPE = YES_ERROR;
				GCC_WARN_UNDECLARED_SELECTOR = YES;
				GCC_WARN_UNINITIALIZED_AUTOS = YES_AGGRESSIVE;
				GCC_WARN_UNUSED_FUNCTION = YES;
				GCC_WARN_UNUSED_VARIABLE = YES;
				MACOSX_DEPLOYMENT_TARGET = 10.14;
				MTL_ENABLE_DEBUG_INFO = INCLUDE_SOURCE;
				MTL_FAST_MATH = YES;
				ONLY_ACTIVE_ARCH = YES;
				OSACOMPILE_EXECUTE_ONLY = YES;
				SDKROOT = macosx;
			};
			name = Debug;
		};
		5E20BFA42713C9E8006A39F7 /* Release */ = {
			isa = XCBuildConfiguration;
			buildSettings = {
				ALWAYS_SEARCH_USER_PATHS = NO;
				CLANG_ANALYZER_NONNULL = YES;
				CLANG_ANALYZER_NUMBER_OBJECT_CONVERSION = YES_AGGRESSIVE;
				CLANG_CXX_LANGUAGE_STANDARD = "gnu++14";
				CLANG_CXX_LIBRARY = "libc++";
				CLANG_ENABLE_MODULES = YES;
				CLANG_ENABLE_OBJC_ARC = YES;
				CLANG_ENABLE_OBJC_WEAK = YES;
				CLANG_WARN_BLOCK_CAPTURE_AUTORELEASING = YES;
				CLANG_WARN_BOOL_CONVERSION = YES;
				CLANG_WARN_COMMA = YES;
				CLANG_WARN_CONSTANT_CONVERSION = YES;
				CLANG_WARN_DEPRECATED_OBJC_IMPLEMENTATIONS = YES;
				CLANG_WARN_DIRECT_OBJC_ISA_USAGE = YES_ERROR;
				CLANG_WARN_DOCUMENTATION_COMMENTS = YES;
				CLANG_WARN_EMPTY_BODY = YES;
				CLANG_WARN_ENUM_CONVERSION = YES;
				CLANG_WARN_INFINITE_RECURSION = YES;
				CLANG_WARN_INT_CONVERSION = YES;
				CLANG_WARN_NON_LITERAL_NULL_CONVERSION = YES;
				CLANG_WARN_OBJC_IMPLICIT_RETAIN_SELF = YES;
				CLANG_WARN_OBJC_LITERAL_CONVERSION = YES;
				CLANG_WARN_OBJC_ROOT_CLASS = YES_ERROR;
				CLANG_WARN_RANGE_LOOP_ANALYSIS = YES;
				CLANG_WARN_STRICT_PROTOTYPES = YES;
				CLANG_WARN_SUSPICIOUS_MOVE = YES;
				CLANG_WARN_UNGUARDED_AVAILABILITY = YES_AGGRESSIVE;
				CLANG_WARN_UNREACHABLE_CODE = YES;
				CLANG_WARN__DUPLICATE_METHOD_MATCH = YES;
				COPY_PHASE_STRIP = NO;
				DEBUG_INFORMATION_FORMAT = "dwarf-with-dsym";
				ENABLE_NS_ASSERTIONS = NO;
				ENABLE_STRICT_OBJC_MSGSEND = YES;
				GCC_C_LANGUAGE_STANDARD = gnu11;
				GCC_NO_COMMON_BLOCKS = YES;
				GCC_WARN_64_TO_32_BIT_CONVERSION = YES;
				GCC_WARN_ABOUT_RETURN_TYPE = YES_ERROR;
				GCC_WARN_UNDECLARED_SELECTOR = YES;
				GCC_WARN_UNINITIALIZED_AUTOS = YES_AGGRESSIVE;
				GCC_WARN_UNUSED_FUNCTION = YES;
				GCC_WARN_UNUSED_VARIABLE = YES;
				MACOSX_DEPLOYMENT_TARGET = 10.14;
				MTL_ENABLE_DEBUG_INFO = NO;
				MTL_FAST_MATH = YES;
				OSACOMPILE_EXECUTE_ONLY = YES;
				SDKROOT = macosx;
			};
			name = Release;
		};
		5E20BFA62713C9E8006A39F7 /* Debug */ = {
			isa = XCBuildConfiguration;
			buildSettings = {
				ASSETCATALOG_COMPILER_APPICON_NAME = AppIcon;
				CODE_SIGN_STYLE = Automatic;
				COMBINE_HIDPI_IMAGES = YES;
				INFOPLIST_FILE = ASOC_Sheet_test/Info.plist;
				LD_RUNPATH_SEARCH_PATHS = (
					"$(inherited)",
					"@executable_path/../Frameworks",
				);
				PRODUCT_BUNDLE_IDENTIFIER = "com.yukikaze.ASOC-Sheet-test";
				PRODUCT_NAME = "$(TARGET_NAME)";
			};
			name = Debug;
		};
		5E20BFA72713C9E8006A39F7 /* Release */ = {
			isa = XCBuildConfiguration;
			buildSettings = {
				ASSETCATALOG_COMPILER_APPICON_NAME = AppIcon;
				CODE_SIGN_STYLE = Automatic;
				COMBINE_HIDPI_IMAGES = YES;
				INFOPLIST_FILE = ASOC_Sheet_test/Info.plist;
				LD_RUNPATH_SEARCH_PATHS = (
					"$(inherited)",
					"@executable_path/../Frameworks",
				);
				PRODUCT_BUNDLE_IDENTIFIER = "com.yukikaze.ASOC-Sheet-test";
				PRODUCT_NAME = "$(TARGET_NAME)";
			};
			name = Release;
		};
/* End XCBuildConfiguration section */

/* Begin XCConfigurationList section */
		5E20BF8E2713C9CF006A39F7 /* Build configuration list for PBXProject "ASOC_Sheet_test" */ = {
			isa = XCConfigurationList;
			buildConfigurations = (
				5E20BFA32713C9E8006A39F7 /* Debug */,
				5E20BFA42713C9E8006A39F7 /* Release */,
			);
			defaultConfigurationIsVisible = 0;
			defaultConfigurationName = Release;
		};
		5E20BFA52713C9E8006A39F7 /* Build configuration list for PBXNativeTarget "ASOC_Sheet_test" */ = {
			isa = XCConfigurationList;
			buildConfigurations = (
				5E20BFA62713C9E8006A39F7 /* Debug */,
				5E20BFA72713C9E8006A39F7 /* Release */,
			);
			defaultConfigurationIsVisible = 0;
			defaultConfigurationName = Release;
		};
/* End XCConfigurationList section */
	};
	rootObject = 5E20BF8B2713C9CF006A39F7 /* Project object */;
}
